Microsoft Visual Studio Solution File, Format Version 12.00
# Visual Studio Version 17
VisualStudioVersion = 17.5.2.0
MinimumVisualStudioVersion = 10.0.40219.1
Project("{FAE04EC0-301F-11D3-BF4B-00C04F79EFBC}") = "CS2_Admin", "CS2_Admin.csproj", "{30003821-F0B6-6C23-32AA-0239F77DD2C6}"
EndProject
Global
	GlobalSection(SolutionConfigurationPlatforms) = preSolution
		Debug|Any CPU = Debug|Any CPU
		Release|Any CPU = Release|Any CPU
	EndGlobalSection
	GlobalSection(ProjectConfigurationPlatforms) = postSolution
		{30003821-F0B6-6C23-32AA-0239F77DD2C6}.Debug|Any CPU.ActiveCfg = Debug|Any CPU
		{30003821-F0B6-6C23-32AA-0239F77DD2C6}.Debug|Any CPU.Build.0 = Debug|Any CPU
		{30003821-F0B6-6C23-32AA-0239F77DD2C6}.Release|Any CPU.ActiveCfg = Release|Any CPU
		{30003821-F0B6-6C23-32AA-0239F77DD2C6}.Release|Any CPU.Build.0 = Release|Any CPU
	EndGlobalSection
	GlobalSection(SolutionProperties) = preSolution
		HideSolutionNode = FALSE
	EndGlobalSection
	GlobalSection(ExtensibilityGlobals) = postSolution
		SolutionGuid = {5B8F50BD-3565-4433-8D25-EB61C2470EFF}
	EndGlobalSection
EndGlobal
